
Microsoft Visual Studio Solution File, Format Version 12.00
# Visual Studio Version 17
VisualStudioVersion = 17.7.34031.279
MinimumVisualStudioVersion = 10.0.40219.1
Project("{FAE04EC0-301F-11D3-BF4B-00C04F79EFBC}") = "movies", "movies\movies.csproj", "{24C94EE4-1BF9-4F18-819B-A47525FF855E}"
EndProject
Global
	GlobalSection(SolutionConfigurationPlatforms) = preSolution
		Debug|Any CPU = Debug|Any CPU
		Release|Any CPU = Release|Any CPU
	EndGlobalSection
	GlobalSection(ProjectConfigurationPlatforms) = postSolution
		{24C94EE4-1BF9-4F18-819B-A47525FF855E}.Debug|Any CPU.ActiveCfg = Debug|Any CPU
		{24C94EE4-1BF9-4F18-819B-A47525FF855E}.Debug|Any CPU.Build.0 = Debug|Any CPU
		{24C94EE4-1BF9-4F18-819B-A47525FF855E}.Release|Any CPU.ActiveCfg = Release|Any CPU
		{24C94EE4-1BF9-4F18-819B-A47525FF855E}.Release|Any CPU.Build.0 = Release|Any CPU
	EndGlobalSection
	GlobalSection(SolutionProperties) = preSolution
		HideSolutionNode = FALSE
	EndGlobalSection
	GlobalSection(ExtensibilityGlobals) = postSolution
		SolutionGuid = {D0FB4303-E226-4EAA-BD34-9A85C45B892E}
	EndGlobalSection
EndGlobal
